
Microsoft Visual Studio Solution File, Format Version 12.00
Project("{FAE04EC0-301F-11D3-BF4B-00C04F79EFBC}") = "code_forces_contest_2023_04", "code_forces_contest_2023_04\code_forces_contest_2023_04.csproj", "{6BB9F415-3014-47AE-9B2E-CFFC183A8665}"
EndProject
Project("{FAE04EC0-301F-11D3-BF4B-00C04F79EFBC}") = "startup", "startup\startup.csproj", "{6BA3FC99-3405-4CCB-A96C-245BEA4DC8BB}"
EndProject
Global
	GlobalSection(SolutionConfigurationPlatforms) = preSolution
		Debug|Any CPU = Debug|Any CPU
		Release|Any CPU = Release|Any CPU
	EndGlobalSection
	GlobalSection(ProjectConfigurationPlatforms) = postSolution
		{6BB9F415-3014-47AE-9B2E-CFFC183A8665}.Debug|Any CPU.ActiveCfg = Debug|Any CPU
		{6BB9F415-3014-47AE-9B2E-CFFC183A8665}.Debug|Any CPU.Build.0 = Debug|Any CPU
		{6BB9F415-3014-47AE-9B2E-CFFC183A8665}.Release|Any CPU.ActiveCfg = Release|Any CPU
		{6BB9F415-3014-47AE-9B2E-CFFC183A8665}.Release|Any CPU.Build.0 = Release|Any CPU
		{6BA3FC99-3405-4CCB-A96C-245BEA4DC8BB}.Debug|Any CPU.ActiveCfg = Debug|Any CPU
		{6BA3FC99-3405-4CCB-A96C-245BEA4DC8BB}.Debug|Any CPU.Build.0 = Debug|Any CPU
		{6BA3FC99-3405-4CCB-A96C-245BEA4DC8BB}.Release|Any CPU.ActiveCfg = Release|Any CPU
		{6BA3FC99-3405-4CCB-A96C-245BEA4DC8BB}.Release|Any CPU.Build.0 = Release|Any CPU
	EndGlobalSection
EndGlobal
